
Microsoft Visual Studio Solution File, Format Version 12.00
# Visual Studio Version 17
VisualStudioVersion = 17.7.34221.43
MinimumVisualStudioVersion = 10.0.40219.1
Project("{FAE04EC0-301F-11D3-BF4B-00C04F79EFBC}") = "restaurantfavesBackend", "restaurantfavesBackend\restaurantfavesBackend.csproj", "{7845B99A-2A05-46DC-960B-1C087275B959}"
EndProject
Global
	GlobalSection(SolutionConfigurationPlatforms) = preSolution
		Debug|Any CPU = Debug|Any CPU
		Release|Any CPU = Release|Any CPU
	EndGlobalSection
	GlobalSection(ProjectConfigurationPlatforms) = postSolution
		{7845B99A-2A05-46DC-960B-1C087275B959}.Debug|Any CPU.ActiveCfg = Debug|Any CPU
		{7845B99A-2A05-46DC-960B-1C087275B959}.Debug|Any CPU.Build.0 = Debug|Any CPU
		{7845B99A-2A05-46DC-960B-1C087275B959}.Release|Any CPU.ActiveCfg = Release|Any CPU
		{7845B99A-2A05-46DC-960B-1C087275B959}.Release|Any CPU.Build.0 = Release|Any CPU
	EndGlobalSection
	GlobalSection(SolutionProperties) = preSolution
		HideSolutionNode = FALSE
	EndGlobalSection
	GlobalSection(ExtensibilityGlobals) = postSolution
		SolutionGuid = {2196BE0A-2404-4E73-B29C-4B89E52AFC0B}
	EndGlobalSection
EndGlobal
